
Microsoft Visual Studio Solution File, Format Version 12.00
# Visual Studio Version 17
VisualStudioVersion = 17.7.34221.43
MinimumVisualStudioVersion = 10.0.40219.1
Project("{FAE04EC0-301F-11D3-BF4B-00C04F79EFBC}") = "Tic Tac Toe  FormsApp", "Tic Tac Toe  FormsApp.csproj", "{381445EA-08FA-4C04-953B-8FAD0150878E}"
EndProject
Global
	GlobalSection(SolutionConfigurationPlatforms) = preSolution
		Debug|Any CPU = Debug|Any CPU
		Release|Any CPU = Release|Any CPU
	EndGlobalSection
	GlobalSection(ProjectConfigurationPlatforms) = postSolution
		{381445EA-08FA-4C04-953B-8FAD0150878E}.Debug|Any CPU.ActiveCfg = Debug|Any CPU
		{381445EA-08FA-4C04-953B-8FAD0150878E}.Debug|Any CPU.Build.0 = Debug|Any CPU
		{381445EA-08FA-4C04-953B-8FAD0150878E}.Release|Any CPU.ActiveCfg = Release|Any CPU
		{381445EA-08FA-4C04-953B-8FAD0150878E}.Release|Any CPU.Build.0 = Release|Any CPU
	EndGlobalSection
	GlobalSection(SolutionProperties) = preSolution
		HideSolutionNode = FALSE
	EndGlobalSection
	GlobalSection(ExtensibilityGlobals) = postSolution
		SolutionGuid = {6C1D072F-6570-4589-97AF-6DD9389BBF7C}
	EndGlobalSection
EndGlobal
